
Microsoft Visual Studio Solution File, Format Version 12.00
# Visual Studio 15
VisualStudioVersion = 15.0.28307.779
MinimumVisualStudioVersion = 10.0.40219.1
Project("{FAE04EC0-301F-11D3-BF4B-00C04F79EFBC}") = "MinMaxSum", "MinMaxSum\MinMaxSum.csproj", "{02000EB5-13D8-4621-9A71-CCAFC5F9CDC6}"
EndProject
Global
	GlobalSection(SolutionConfigurationPlatforms) = preSolution
		Debug|Any CPU = Debug|Any CPU
		Release|Any CPU = Release|Any CPU
	EndGlobalSection
	GlobalSection(ProjectConfigurationPlatforms) = postSolution
		{02000EB5-13D8-4621-9A71-CCAFC5F9CDC6}.Debug|Any CPU.ActiveCfg = Debug|Any CPU
		{02000EB5-13D8-4621-9A71-CCAFC5F9CDC6}.Debug|Any CPU.Build.0 = Debug|Any CPU
		{02000EB5-13D8-4621-9A71-CCAFC5F9CDC6}.Release|Any CPU.ActiveCfg = Release|Any CPU
		{02000EB5-13D8-4621-9A71-CCAFC5F9CDC6}.Release|Any CPU.Build.0 = Release|Any CPU
	EndGlobalSection
	GlobalSection(SolutionProperties) = preSolution
		HideSolutionNode = FALSE
	EndGlobalSection
	GlobalSection(ExtensibilityGlobals) = postSolution
		SolutionGuid = {074F92AA-24AA-44C3-B309-11BE442674E3}
	EndGlobalSection
EndGlobal
